
Microsoft Visual Studio Solution File, Format Version 12.00
# Visual Studio Version 17
VisualStudioVersion = 17.3.32929.385
MinimumVisualStudioVersion = 10.0.40219.1
Project("{9A19103F-16F7-4668-BE54-9A1E7A4F7556}") = "Semester Project", "Semester Project.csproj", "{98A54061-1D0B-4C24-A23E-49E3AB5450F5}"
EndProject
Project("{2150E333-8FDC-42A3-9474-1A3956D46DE8}") = "Solution Items", "Solution Items", "{C9869BFF-1FAD-4B77-AD16-679E5B86FECD}"
	ProjectSection(SolutionItems) = preProject
		.editorconfig = .editorconfig
	EndProjectSection
EndProject
Global
	GlobalSection(SolutionConfigurationPlatforms) = preSolution
		Debug|Any CPU = Debug|Any CPU
		Release|Any CPU = Release|Any CPU
	EndGlobalSection
	GlobalSection(ProjectConfigurationPlatforms) = postSolution
		{98A54061-1D0B-4C24-A23E-49E3AB5450F5}.Debug|Any CPU.ActiveCfg = Debug|Any CPU
		{98A54061-1D0B-4C24-A23E-49E3AB5450F5}.Debug|Any CPU.Build.0 = Debug|Any CPU
		{98A54061-1D0B-4C24-A23E-49E3AB5450F5}.Release|Any CPU.ActiveCfg = Release|Any CPU
		{98A54061-1D0B-4C24-A23E-49E3AB5450F5}.Release|Any CPU.Build.0 = Release|Any CPU
	EndGlobalSection
	GlobalSection(SolutionProperties) = preSolution
		HideSolutionNode = FALSE
	EndGlobalSection
	GlobalSection(ExtensibilityGlobals) = postSolution
		SolutionGuid = {91422524-CB2E-40B6-B512-F49961CEB25A}
	EndGlobalSection
EndGlobal
